# THIS IS AN AUTOGENERATED FILE. DO NOT EDIT THIS FILE DIRECTLY.
# yarn lockfile v1


commander@^2.10.0:
  version "2.10.0"
  resolved "https://registry.yarnpkg.com/commander/-/commander-2.10.0.tgz#e1f5d3245de246d1a5ca04702fa1ad1bd7e405fe"
  dependencies:
    graceful-readlink ">= 1.0.0"

"graceful-readlink@>= 1.0.0":
  version "1.0.1"
  resolved "https://registry.yarnpkg.com/graceful-readlink/-/graceful-readlink-1.0.1.tgz#4cafad76bc62f02fa039b2f94e9a3dd3a391a725"
