# THIS IS AN AUTOGENERATED FILE. DO NOT EDIT THIS FILE DIRECTLY.
# yarn lockfile v1


async@~1.0.0:
  version "1.0.0"
  resolved "https://registry.yarnpkg.com/async/-/async-1.0.0.tgz#f8fc04ca3a13784ade9e1641af98578cfbd647a9"

colors@1.0.x:
  version "1.0.3"
  resolved "https://registry.yarnpkg.com/colors/-/colors-1.0.3.tgz#0433f44d809680fdeb60ed260f1b0c262e82a40b"

commander@^2.10.0:
  version "2.10.0"
  resolved "https://registry.yarnpkg.com/commander/-/commander-2.10.0.tgz#e1f5d3245de246d1a5ca04702fa1ad1bd7e405fe"
  dependencies:
    graceful-readlink ">= 1.0.0"

cycle@1.0.x:
  version "1.0.3"
  resolved "https://registry.yarnpkg.com/cycle/-/cycle-1.0.3.tgz#21e80b2be8580f98b468f379430662b046c34ad2"

eyes@0.1.x:
  version "0.1.8"
  resolved "https://registry.yarnpkg.com/eyes/-/eyes-0.1.8.tgz#62cf120234c683785d902348a800ef3e0cc20bc0"

"graceful-readlink@>= 1.0.0":
  version "1.0.1"
  resolved "https://registry.yarnpkg.com/graceful-readlink/-/graceful-readlink-1.0.1.tgz#4cafad76bc62f02fa039b2f94e9a3dd3a391a725"

isstream@0.1.x:
  version "0.1.2"
  resolved "https://registry.yarnpkg.com/isstream/-/isstream-0.1.2.tgz#47e63f7af55afa6f92e1500e690eb8b8529c099a"

keypress@~0.2.1:
  version "0.2.1"
  resolved "https://registry.yarnpkg.com/keypress/-/keypress-0.2.1.tgz#1e80454250018dbad4c3fe94497d6e67b6269c77"

native-or-another@~2.0.0:
  version "2.0.0"
  resolved "https://registry.yarnpkg.com/native-or-another/-/native-or-another-2.0.0.tgz#17a567f92beea9cd71acff96a7681a735eca3bff"
  dependencies:
    native-or-bluebird "^1.1.2"

native-or-bluebird@^1.1.2:
  version "1.2.0"
  resolved "https://registry.yarnpkg.com/native-or-bluebird/-/native-or-bluebird-1.2.0.tgz#39c47bfd7825d1fb9ffad32210ae25daadf101c9"

prompt-promise@1.0.3:
  version "1.0.3"
  resolved "https://registry.yarnpkg.com/prompt-promise/-/prompt-promise-1.0.3.tgz#78ce4fcb9a14a108c49174f2d808c440d1bde265"
  dependencies:
    keypress "~0.2.1"
    native-or-another "~2.0.0"

stack-trace@0.0.x:
  version "0.0.10"
  resolved "https://registry.yarnpkg.com/stack-trace/-/stack-trace-0.0.10.tgz#547c70b347e8d32b4e108ea1a2a159e5fdde19c0"

winston@2.3.1:
  version "2.3.1"
  resolved "https://registry.yarnpkg.com/winston/-/winston-2.3.1.tgz#0b48420d978c01804cf0230b648861598225a119"
  dependencies:
    async "~1.0.0"
    colors "1.0.x"
    cycle "1.0.x"
    eyes "0.1.x"
    isstream "0.1.x"
    stack-trace "0.0.x"
